{
  "name": "Khronos_2_0_0",
  "lockfileVersion": 3,
  "requires": true,
  "packages": {
    "": {
      "dependencies": {
        "responsivevoice": "^0.4.1"
      }
    },
    "node_modules/responsivevoice": {
      "version": "0.4.1",
      "resolved": "https://registry.npmjs.org/responsivevoice/-/responsivevoice-0.4.1.tgz",
      "integrity": "sha512-OQZ4vxfqwiYKdIKCA3TW+F6wY9cJDZJpUU+RKBzL1iAuJEp4KSJ+pyrKXajI62UThfGH95Gj4dA+wh4jDYlISw==",
      "engines": {
        "node": ">=8.1.0"
      }
    }
  }
}
